
Microsoft Visual Studio Solution File, Format Version 12.00
# Visual Studio 15
VisualStudioVersion = 15.0.28307.136
MinimumVisualStudioVersion = 10.0.40219.1
Project("{FAE04EC0-301F-11D3-BF4B-00C04F79EFBC}") = "File Syncing Tool", "File Syncing Tool\File Syncing Tool.csproj", "{B8292E98-BABC-4FA6-86F7-8322360FC1DD}"
EndProject
Global
	GlobalSection(SolutionConfigurationPlatforms) = preSolution
		Debug|Any CPU = Debug|Any CPU
		Release|Any CPU = Release|Any CPU
	EndGlobalSection
	GlobalSection(ProjectConfigurationPlatforms) = postSolution
		{B8292E98-BABC-4FA6-86F7-8322360FC1DD}.Debug|Any CPU.ActiveCfg = Debug|Any CPU
		{B8292E98-BABC-4FA6-86F7-8322360FC1DD}.Debug|Any CPU.Build.0 = Debug|Any CPU
		{B8292E98-BABC-4FA6-86F7-8322360FC1DD}.Release|Any CPU.ActiveCfg = Release|Any CPU
		{B8292E98-BABC-4FA6-86F7-8322360FC1DD}.Release|Any CPU.Build.0 = Release|Any CPU
	EndGlobalSection
	GlobalSection(SolutionProperties) = preSolution
		HideSolutionNode = FALSE
	EndGlobalSection
	GlobalSection(ExtensibilityGlobals) = postSolution
		SolutionGuid = {9F7EC1AF-FD8C-4841-A0EC-A53A8DF70759}
	EndGlobalSection
EndGlobal
